
Microsoft Visual Studio Solution File, Format Version 12.00
# Visual Studio Version 16
VisualStudioVersion = 16.0.31624.102
MinimumVisualStudioVersion = 10.0.40219.1
Project("{FAE04EC0-301F-11D3-BF4B-00C04F79EFBC}") = "TerrariaAutoFisher", "TerrariaAutoFisher\TerrariaAutoFisher.csproj", "{78458B9C-5D80-4D04-BCBE-30192D4A4E0A}"
EndProject
Global
	GlobalSection(SolutionConfigurationPlatforms) = preSolution
		Debug|Any CPU = Debug|Any CPU
		Release|Any CPU = Release|Any CPU
	EndGlobalSection
	GlobalSection(ProjectConfigurationPlatforms) = postSolution
		{78458B9C-5D80-4D04-BCBE-30192D4A4E0A}.Debug|Any CPU.ActiveCfg = Debug|Any CPU
		{78458B9C-5D80-4D04-BCBE-30192D4A4E0A}.Debug|Any CPU.Build.0 = Debug|Any CPU
		{78458B9C-5D80-4D04-BCBE-30192D4A4E0A}.Release|Any CPU.ActiveCfg = Release|Any CPU
		{78458B9C-5D80-4D04-BCBE-30192D4A4E0A}.Release|Any CPU.Build.0 = Release|Any CPU
	EndGlobalSection
	GlobalSection(SolutionProperties) = preSolution
		HideSolutionNode = FALSE
	EndGlobalSection
	GlobalSection(ExtensibilityGlobals) = postSolution
		SolutionGuid = {AE4E12F7-E68A-46FF-8B4B-01788642F8EC}
	EndGlobalSection
EndGlobal
